// !$*UTF8*$!
{
	archiveVersion = 1;
	classes = {
	};
	objectVersion = 46;
	objects = {

/* Begin PBXBuildFile section */
		175115901F5E646A00E49D92 /* AppDelegate.swift in Sources */ = {isa = PBXBuildFile; fileRef = 1751158F1F5E646A00E49D92 /* AppDelegate.swift */; };
		175115921F5E646B00E49D92 /* ViewController.swift in Sources */ = {isa = PBXBuildFile; fileRef = 175115911F5E646B00E49D92 /* ViewController.swift */; };
		175115951F5E646B00E49D92 /* Main.storyboard in Resources */ = {isa = PBXBuildFile; fileRef = 175115931F5E646B00E49D92 /* Main.storyboard */; };
		175115971F5E646B00E49D92 /* Assets.xcassets in Resources */ = {isa = PBXBuildFile; fileRef = 175115961F5E646B00E49D92 /* Assets.xcassets */; };
		1751159A1F5E646B00E49D92 /* LaunchScreen.storyboard in Resources */ = {isa = PBXBuildFile; fileRef = 175115981F5E646B00E49D92 /* LaunchScreen.storyboard */; };
/* End PBXBuildFile section */

/* Begin PBXFileReference section */
		1751158C1F5E646A00E49D92 /* sib-soft task.app */ = {isa = PBXFileReference; explicitFileType = wrapper.application; includeInIndex = 0; path = "sib-soft task.app"; sourceTree = BUILT_PRODUCTS_DIR; };
		1751158F1F5E646A00E49D92 /* AppDelegate.swift */ = {isa = PBXFileReference; lastKnownFileType = sourcecode.swift; path = AppDelegate.swift; sourceTree = "<group>"; };
		175115911F5E646B00E49D92 /* ViewController.swift */ = {isa = PBXFileReference; lastKnownFileType = sourcecode.swift; path = ViewController.swift; sourceTree = "<group>"; };
		175115941F5E646B00E49D92 /* Base */ = {isa = PBXFileReference; lastKnownFileType = file.storyboard; name = Base; path = Base.lproj/Main.storyboard; sourceTree = "<group>"; };
		175115961F5E646B00E49D92 /* Assets.xcassets */ = {isa = PBXFileReference; lastKnownFileType = folder.assetcatalog; path = Assets.xcassets; sourceTree = "<group>"; };
		175115991F5E646B00E49D92 /* Base */ = {isa = PBXFileReference; lastKnownFileType = file.storyboard; name = Base; path = Base.lproj/LaunchScreen.storyboard; sourceTree = "<group>"; };
		1751159B1F5E646B00E49D92 /* Info.plist */ = {isa = PBXFileReference; lastKnownFileType = text.plist.xml; path = Info.plist; sourceTree = "<group>"; };
/* End PBXFileReference section */

/* Begin PBXFrameworksBuildPhase section */
		175115891F5E646A00E49D92 /* Frameworks */ = {
			isa = PBXFrameworksBuildPhase;
			buildActionMask = 2147483647;
			files = (
			);
			runOnlyForDeploymentPostprocessing = 0;
		};
/* End PBXFrameworksBuildPhase section */

/* Begin PBXGroup section */
		175115831F5E646A00E49D92 = {
			isa = PBXGroup;
			children = (
				1751158E1F5E646A00E49D92 /* sib-soft task */,
				1751158D1F5E646A00E49D92 /* Products */,
			);
			sourceTree = "<group>";
		};
		1751158D1F5E646A00E49D92 /* Products */ = {
			isa = PBXGroup;
			children = (
				1751158C1F5E646A00E49D92 /* sib-soft task.app */,
			);
			name = Products;
			sourceTree = "<group>";
		};
		1751158E1F5E646A00E49D92 /* sib-soft task */ = {
			isa = PBXGroup;
			children = (
				1751158F1F5E646A00E49D92 /* AppDelegate.swift */,
				175115911F5E646B00E49D92 /* ViewController.swift */,
				175115931F5E646B00E49D92 /* Main.storyboard */,
				175115961F5E646B00E49D92 /* Assets.xcassets */,
				175115981F5E646B00E49D92 /* LaunchScreen.storyboard */,
				1751159B1F5E646B00E49D92 /* Info.plist */,
			);
			path = "sib-soft task";
			sourceTree = "<group>";
		};
/* End PBXGroup section */

/* Begin PBXNativeTarget section */
		1751158B1F5E646A00E49D92 /* sib-soft task */ = {
			isa = PBXNativeTarget;
			buildConfigurationList = 1751159E1F5E646B00E49D92 /* Build configuration list for PBXNativeTarget "sib-soft task" */;
			buildPhases = (
				175115881F5E646A00E49D92 /* Sources */,
				175115891F5E646A00E49D92 /* Frameworks */,
				1751158A1F5E646A00E49D92 /* Resources */,
			);
			buildRules = (
			);
			dependencies = (
			);
			name = "sib-soft task";
			productName = "sib-soft task";
			productReference = 1751158C1F5E646A00E49D92 /* sib-soft task.app */;
			productType = "com.apple.product-type.application";
		};
/* End PBXNativeTarget section */

/* Begin PBXProject section */
		175115841F5E646A00E49D92 /* Project object */ = {
			isa = PBXProject;
			attributes = {
				LastSwiftUpdateCheck = 0830;
				LastUpgradeCheck = 0830;
				ORGANIZATIONNAME = "Никита Елизаров";
				TargetAttributes = {
					1751158B1F5E646A00E49D92 = {
						CreatedOnToolsVersion = 8.3.3;
						DevelopmentTeam = NRTXJ75BR6;
						ProvisioningStyle = Automatic;
					};
				};
			};
			buildConfigurationList = 175115871F5E646A00E49D92 /* Build configuration list for PBXProject "sib-soft task" */;
			compatibilityVersion = "Xcode 3.2";
			developmentRegion = English;
			hasScannedForEncodings = 0;
			knownRegions = (
				en,
				Base,
			);
			mainGroup = 175115831F5E646A00E49D92;
			productRefGroup = 1751158D1F5E646A00E49D92 /* Products */;
			projectDirPath = "";
			projectRoot = "";
			targets = (
				1751158B1F5E646A00E49D92 /* sib-soft task */,
			);
		};
/* End PBXProject section */

/* Begin PBXResourcesBuildPhase section */
		1751158A1F5E646A00E49D92 /* Resources */ = {
			isa = PBXResourcesBuildPhase;
			buildActionMask = 2147483647;
			files = (
				1751159A1F5E646B00E49D92 /* LaunchScreen.storyboard in Resources */,
				175115971F5E646B00E49D92 /* Assets.xcassets in Resources */,
				175115951F5E646B00E49D92 /* Main.storyboard in Resources */,
			);
			runOnlyForDeploymentPostprocessing = 0;
		};
/* End PBXResourcesBuildPhase section */

/* Begin PBXSourcesBuildPhase section */
		175115881F5E646A00E49D92 /* Sources */ = {
			isa = PBXSourcesBuildPhase;
			buildActionMask = 2147483647;
			files = (
				175115921F5E646B00E49D92 /* ViewController.swift in Sources */,
				175115901F5E646A00E49D92 /* AppDelegate.swift in Sources */,
			);
			runOnlyForDeploymentPostprocessing = 0;
		};
/* End PBXSourcesBuildPhase section */

/* Begin PBXVariantGroup section */
		175115931F5E646B00E49D92 /* Main.storyboard */ = {
			isa = PBXVariantGroup;
			children = (
				175115941F5E646B00E49D92 /* Base */,
			);
			name = Main.storyboard;
			sourceTree = "<group>";
		};
		175115981F5E646B00E49D92 /* LaunchScreen.storyboard */ = {
			isa = PBXVariantGroup;
			children = (
				175115991F5E646B00E49D92 /* Base */,
			);
			name = LaunchScreen.storyboard;
			sourceTree = "<group>";
		};
/* End PBXVariantGroup section */

/* Begin XCBuildConfiguration section */
		1751159C1F5E646B00E49D92 /* Debug */ = {
			isa = XCBuildConfiguration;
			buildSettings = {
				ALWAYS_SEARCH_USER_PATHS = NO;
				CLANG_ANALYZER_NONNULL = YES;
				CLANG_ANALYZER_NUMBER_OBJECT_CONVERSION = YES_AGGRESSIVE;
				CLANG_CXX_LANGUAGE_STANDARD = "gnu++0x";
				CLANG_CXX_LIBRARY = "libc++";
				CLANG_ENABLE_MODULES = YES;
				CLANG_ENABLE_OBJC_ARC = YES;
				CLANG_WARN_BOOL_CONVERSION = YES;
				CLANG_WARN_CONSTANT_CONVERSION = YES;
				CLANG_WARN_DIRECT_OBJC_ISA_USAGE = YES_ERROR;
				CLANG_WARN_DOCUMENTATION_COMMENTS = YES;
				CLANG_WARN_EMPTY_BODY = YES;
				CLANG_WARN_ENUM_CONVERSION = YES;
				CLANG_WARN_INFINITE_RECURSION = YES;
				CLANG_WARN_INT_CONVERSION = YES;
				CLANG_WARN_OBJC_ROOT_CLASS = YES_ERROR;
				CLANG_WARN_SUSPICIOUS_MOVE = YES;
				CLANG_WARN_UNREACHABLE_CODE = YES;
				CLANG_WARN__DUPLICATE_METHOD_MATCH = YES;
				"CODE_SIGN_IDENTITY[sdk=iphoneos*]" = "iPhone Developer";
				COPY_PHASE_STRIP = NO;
				DEBUG_INFORMATION_FORMAT = dwarf;
				ENABLE_STRICT_OBJC_MSGSEND = YES;
				ENABLE_TESTABILITY = YES;
				GCC_C_LANGUAGE_STANDARD = gnu99;
				GCC_DYNAMIC_NO_PIC = NO;
				GCC_NO_COMMON_BLOCKS = YES;
				GCC_OPTIMIZATION_LEVEL = 0;
				GCC_PREPROCESSOR_DEFINITIONS = (
					"DEBUG=1",
					"$(inherited)",
				);
				GCC_WARN_64_TO_32_BIT_CONVERSION = YES;
				GCC_WARN_ABOUT_RETURN_TYPE = YES_ERROR;
				GCC_WARN_UNDECLARED_SELECTOR = YES;
				GCC_WARN_UNINITIALIZED_AUTOS = YES_AGGRESSIVE;
				GCC_WARN_UNUSED_FUNCTION = YES;
				GCC_WARN_UNUSED_VARIABLE = YES;
				IPHONEOS_DEPLOYMENT_TARGET = 10.3;
				MTL_ENABLE_DEBUG_INFO = YES;
				ONLY_ACTIVE_ARCH = YES;
				SDKROOT = iphoneos;
				SWIFT_ACTIVE_COMPILATION_CONDITIONS = DEBUG;
				SWIFT_OPTIMIZATION_LEVEL = "-Onone";
			};
			name = Debug;
		};
		1751159D1F5E646B00E49D92 /* Release */ = {
			isa = XCBuildConfiguration;
			buildSettings = {
				ALWAYS_SEARCH_USER_PATHS = NO;
				CLANG_ANALYZER_NONNULL = YES;
				CLANG_ANALYZER_NUMBER_OBJECT_CONVERSION = YES_AGGRESSIVE;
				CLANG_CXX_LANGUAGE_STANDARD = "gnu++0x";
				CLANG_CXX_LIBRARY = "libc++";
				CLANG_ENABLE_MODULES = YES;
				CLANG_ENABLE_OBJC_ARC = YES;
				CLANG_WARN_BOOL_CONVERSION = YES;
				CLANG_WARN_CONSTANT_CONVERSION = YES;
				CLANG_WARN_DIRECT_OBJC_ISA_USAGE = YES_ERROR;
				CLANG_WARN_DOCUMENTATION_COMMENTS = YES;
				CLANG_WARN_EMPTY_BODY = YES;
				CLANG_WARN_ENUM_CONVERSION = YES;
				CLANG_WARN_INFINITE_RECURSION = YES;
				CLANG_WARN_INT_CONVERSION = YES;
				CLANG_WARN_OBJC_ROOT_CLASS = YES_ERROR;
				CLANG_WARN_SUSPICIOUS_MOVE = YES;
				CLANG_WARN_UNREACHABLE_CODE = YES;
				CLANG_WARN__DUPLICATE_METHOD_MATCH = YES;
				"CODE_SIGN_IDENTITY[sdk=iphoneos*]" = "iPhone Developer";
				COPY_PHASE_STRIP = NO;
				DEBUG_INFORMATION_FORMAT = "dwarf-with-dsym";
				ENABLE_NS_ASSERTIONS = NO;
				ENABLE_STRICT_OBJC_MSGSEND = YES;
				GCC_C_LANGUAGE_STANDARD = gnu99;
				GCC_NO_COMMON_BLOCKS = YES;
				GCC_WARN_64_TO_32_BIT_CONVERSION = YES;
				GCC_WARN_ABOUT_RETURN_TYPE = YES_ERROR;
				GCC_WARN_UNDECLARED_SELECTOR = YES;
				GCC_WARN_UNINITIALIZED_AUTOS = YES_AGGRESSIVE;
				GCC_WARN_UNUSED_FUNCTION = YES;
				GCC_WARN_UNUSED_VARIABLE = YES;
				IPHONEOS_DEPLOYMENT_TARGET = 10.3;
				MTL_ENABLE_DEBUG_INFO = NO;
				SDKROOT = iphoneos;
				SWIFT_OPTIMIZATION_LEVEL = "-Owholemodule";
				VALIDATE_PRODUCT = YES;
			};
			name = Release;
		};
		1751159F1F5E646B00E49D92 /* Debug */ = {
			isa = XCBuildConfiguration;
			buildSettings = {
				ASSETCATALOG_COMPILER_APPICON_NAME = AppIcon;
				DEVELOPMENT_TEAM = NRTXJ75BR6;
				INFOPLIST_FILE = "sib-soft task/Info.plist";
				LD_RUNPATH_SEARCH_PATHS = "$(inherited) @executable_path/Frameworks";
				PRODUCT_BUNDLE_IDENTIFIER = "xenil.sib-soft-task";
				PRODUCT_NAME = "$(TARGET_NAME)";
				SWIFT_VERSION = 3.0;
			};
			name = Debug;
		};
		175115A01F5E646B00E49D92 /* Release */ = {
			isa = XCBuildConfiguration;
			buildSettings = {
				ASSETCATALOG_COMPILER_APPICON_NAME = AppIcon;
				DEVELOPMENT_TEAM = NRTXJ75BR6;
				INFOPLIST_FILE = "sib-soft task/Info.plist";
				LD_RUNPATH_SEARCH_PATHS = "$(inherited) @executable_path/Frameworks";
				PRODUCT_BUNDLE_IDENTIFIER = "xenil.sib-soft-task";
				PRODUCT_NAME = "$(TARGET_NAME)";
				SWIFT_VERSION = 3.0;
			};
			name = Release;
		};
/* End XCBuildConfiguration section */

/* Begin XCConfigurationList section */
		175115871F5E646A00E49D92 /* Build configuration list for PBXProject "sib-soft task" */ = {
			isa = XCConfigurationList;
			buildConfigurations = (
				1751159C1F5E646B00E49D92 /* Debug */,
				1751159D1F5E646B00E49D92 /* Release */,
			);
			defaultConfigurationIsVisible = 0;
			defaultConfigurationName = Release;
		};
		1751159E1F5E646B00E49D92 /* Build configuration list for PBXNativeTarget "sib-soft task" */ = {
			isa = XCConfigurationList;
			buildConfigurations = (
				1751159F1F5E646B00E49D92 /* Debug */,
				175115A01F5E646B00E49D92 /* Release */,
			);
			defaultConfigurationIsVisible = 0;
		};
/* End XCConfigurationList section */
	};
	rootObject = 175115841F5E646A00E49D92 /* Project object */;
}
